// !$*UTF8*$!
{
	archiveVersion = 1;
	classes = {
	};
	objectVersion = 56;
	objects = {

/* Begin PBXBuildFile section */
		1D7061A82B55E18E0098AB76 /* NeuratrackApp.swift in Sources */ = {isa = PBXBuildFile; fileRef = 1D7061A72B55E18E0098AB76 /* NeuratrackApp.swift */; };
		1D7061AA2B55E18E0098AB76 /* ContentView.swift in Sources */ = {isa = PBXBuildFile; fileRef = 1D7061A92B55E18E0098AB76 /* ContentView.swift */; };
		1D7061AC2B55E18F0098AB76 /* Assets.xcassets in Resources */ = {isa = PBXBuildFile; fileRef = 1D7061AB2B55E18F0098AB76 /* Assets.xcassets */; };
		1D7061AF2B55E18F0098AB76 /* Preview Assets.xcassets in Resources */ = {isa = PBXBuildFile; fileRef = 1D7061AE2B55E18F0098AB76 /* Preview Assets.xcassets */; };
		1D7061B92B55E18F0098AB76 /* NeuratrackTests.swift in Sources */ = {isa = PBXBuildFile; fileRef = 1D7061B82B55E18F0098AB76 /* NeuratrackTests.swift */; };
		1D7061C32B55E18F0098AB76 /* NeuratrackUITests.swift in Sources */ = {isa = PBXBuildFile; fileRef = 1D7061C22B55E18F0098AB76 /* NeuratrackUITests.swift */; };
		1D7061C52B55E18F0098AB76 /* NeuratrackUITestsLaunchTests.swift in Sources */ = {isa = PBXBuildFile; fileRef = 1D7061C42B55E18F0098AB76 /* NeuratrackUITestsLaunchTests.swift */; };
		1D7061D42B55E4D00098AB76 /* HeadacheEvent.swift in Sources */ = {isa = PBXBuildFile; fileRef = 1D7061D32B55E4D00098AB76 /* HeadacheEvent.swift */; };
		1D7061D62B55E5600098AB76 /* Medication.swift in Sources */ = {isa = PBXBuildFile; fileRef = 1D7061D52B55E5600098AB76 /* Medication.swift */; };
		1D7061D82B55E6B40098AB76 /* MedicationManagementView.swift in Sources */ = {isa = PBXBuildFile; fileRef = 1D7061D72B55E6B40098AB76 /* MedicationManagementView.swift */; };
		1D7061DA2B55F9F90098AB76 /* AddMedicationView.swift in Sources */ = {isa = PBXBuildFile; fileRef = 1D7061D92B55F9F90098AB76 /* AddMedicationView.swift */; };
		1D7061DD2B56C1200098AB76 /* AddHeadacheEventView.swift in Sources */ = {isa = PBXBuildFile; fileRef = 1D7061DC2B56C1200098AB76 /* AddHeadacheEventView.swift */; };
		1D7061DF2B56C58A0098AB76 /* AddAnalgesicView.swift in Sources */ = {isa = PBXBuildFile; fileRef = 1D7061DE2B56C58A0098AB76 /* AddAnalgesicView.swift */; };
		1D7061E22B56D1DF0098AB76 /* HeadachesLoggerView.swift in Sources */ = {isa = PBXBuildFile; fileRef = 1D7061E12B56D1DF0098AB76 /* HeadachesLoggerView.swift */; };
		1D7061E42B57115F0098AB76 /* ImportHeadachesFromCalendarView.swift in Sources */ = {isa = PBXBuildFile; fileRef = 1D7061E32B57115F0098AB76 /* ImportHeadachesFromCalendarView.swift */; };
		1D7061E62B57132D0098AB76 /* EventKitEventImporter.swift in Sources */ = {isa = PBXBuildFile; fileRef = 1D7061E52B57132D0098AB76 /* EventKitEventImporter.swift */; };
		1DCAFC122B59C418000A99BD /* EditHeadacheEventView.swift in Sources */ = {isa = PBXBuildFile; fileRef = 1DCAFC112B59C418000A99BD /* EditHeadacheEventView.swift */; };
		1DCAFC152B59D888000A99BD /* AnalgesicListViewItem.swift in Sources */ = {isa = PBXBuildFile; fileRef = 1DCAFC142B59D888000A99BD /* AnalgesicListViewItem.swift */; };
		1DCAFC172B5B3749000A99BD /* StatisticsView.swift in Sources */ = {isa = PBXBuildFile; fileRef = 1DCAFC162B5B3749000A99BD /* StatisticsView.swift */; };
		1DCAFC192B5B37E1000A99BD /* StatisticsGridViewItem.swift in Sources */ = {isa = PBXBuildFile; fileRef = 1DCAFC182B5B37E1000A99BD /* StatisticsGridViewItem.swift */; };
		1DCAFC1C2B5B3A45000A99BD /* SimpleEntry.swift in Sources */ = {isa = PBXBuildFile; fileRef = 1DCAFC1B2B5B3A45000A99BD /* SimpleEntry.swift */; };
		1DCAFC202B5B3AC1000A99BD /* SimpleWidgetEntryView.swift in Sources */ = {isa = PBXBuildFile; fileRef = 1DCAFC1F2B5B3AC1000A99BD /* SimpleWidgetEntryView.swift */; };
		1DCAFC232B5C9ED1000A99BD /* ChartWidgetEntryView.swift in Sources */ = {isa = PBXBuildFile; fileRef = 1DCAFC212B5C9ED1000A99BD /* ChartWidgetEntryView.swift */; };
		1DCAFC242B5C9ED1000A99BD /* ChartWidgetEntry.swift in Sources */ = {isa = PBXBuildFile; fileRef = 1DCAFC222B5C9ED1000A99BD /* ChartWidgetEntry.swift */; };
		1DCAFC262B604D6C000A99BD /* ExportDataView.swift in Sources */ = {isa = PBXBuildFile; fileRef = 1DCAFC252B604D6C000A99BD /* ExportDataView.swift */; };
		1DCAFC282B6066EF000A99BD /* SettingsView.swift in Sources */ = {isa = PBXBuildFile; fileRef = 1DCAFC272B6066EF000A99BD /* SettingsView.swift */; };
		1DCAFC2D2B67C3B5000A99BD /* TextWidgetEntryView.swift in Sources */ = {isa = PBXBuildFile; fileRef = 1DCAFC2B2B67C3B5000A99BD /* TextWidgetEntryView.swift */; };
		1DCAFC2F2B67C454000A99BD /* TextWidgetEntry.swift in Sources */ = {isa = PBXBuildFile; fileRef = 1DCAFC2E2B67C454000A99BD /* TextWidgetEntry.swift */; };
		1DCE86CB2B6DBC6E000EAB42 /* TimelineWidgetEntryTests.swift in Sources */ = {isa = PBXBuildFile; fileRef = 1DCE86CA2B6DBC6E000EAB42 /* TimelineWidgetEntryTests.swift */; };
		1DCE86CD2B71A282000EAB42 /* NeuratrackErrors.swift in Sources */ = {isa = PBXBuildFile; fileRef = 1DCE86CC2B71A282000EAB42 /* NeuratrackErrors.swift */; };
		1DCE86CF2B798ED1000EAB42 /* HeadacheEventListViewItem.swift in Sources */ = {isa = PBXBuildFile; fileRef = 1DCE86CE2B798ED1000EAB42 /* HeadacheEventListViewItem.swift */; };
		1DCE86D32B80110D000EAB42 /* MedicationViews.swift in Sources */ = {isa = PBXBuildFile; fileRef = 1DCE86D22B80110D000EAB42 /* MedicationViews.swift */; };
		1DCE86D52B80147C000EAB42 /* HeadacheViews.swift in Sources */ = {isa = PBXBuildFile; fileRef = 1DCE86D42B80147C000EAB42 /* HeadacheViews.swift */; };
		1DCE86DD2B80FC6E000EAB42 /* OrderedCollections in Frameworks */ = {isa = PBXBuildFile; productRef = 1DCE86DC2B80FC6E000EAB42 /* OrderedCollections */; };
/* End PBXBuildFile section */

/* Begin PBXContainerItemProxy section */
		1D7061B52B55E18F0098AB76 /* PBXContainerItemProxy */ = {
			isa = PBXContainerItemProxy;
			containerPortal = 1D70619C2B55E18E0098AB76 /* Project object */;
			proxyType = 1;
			remoteGlobalIDString = 1D7061A32B55E18E0098AB76;
			remoteInfo = Neuratrack;
		};
		1D7061BF2B55E18F0098AB76 /* PBXContainerItemProxy */ = {
			isa = PBXContainerItemProxy;
			containerPortal = 1D70619C2B55E18E0098AB76 /* Project object */;
			proxyType = 1;
			remoteGlobalIDString = 1D7061A32B55E18E0098AB76;
			remoteInfo = Neuratrack;
		};
/* End PBXContainerItemProxy section */

/* Begin PBXFileReference section */
		1D7061A42B55E18E0098AB76 /* Neuratrack.app */ = {isa = PBXFileReference; explicitFileType = wrapper.application; includeInIndex = 0; path = Neuratrack.app; sourceTree = BUILT_PRODUCTS_DIR; };
		1D7061A72B55E18E0098AB76 /* NeuratrackApp.swift */ = {isa = PBXFileReference; lastKnownFileType = sourcecode.swift; path = NeuratrackApp.swift; sourceTree = "<group>"; };
		1D7061A92B55E18E0098AB76 /* ContentView.swift */ = {isa = PBXFileReference; lastKnownFileType = sourcecode.swift; path = ContentView.swift; sourceTree = "<group>"; };
		1D7061AB2B55E18F0098AB76 /* Assets.xcassets */ = {isa = PBXFileReference; lastKnownFileType = folder.assetcatalog; path = Assets.xcassets; sourceTree = "<group>"; };
		1D7061AE2B55E18F0098AB76 /* Preview Assets.xcassets */ = {isa = PBXFileReference; lastKnownFileType = folder.assetcatalog; path = "Preview Assets.xcassets"; sourceTree = "<group>"; };
		1D7061B42B55E18F0098AB76 /* NeuratrackTests.xctest */ = {isa = PBXFileReference; explicitFileType = wrapper.cfbundle; includeInIndex = 0; path = NeuratrackTests.xctest; sourceTree = BUILT_PRODUCTS_DIR; };
		1D7061B82B55E18F0098AB76 /* NeuratrackTests.swift */ = {isa = PBXFileReference; lastKnownFileType = sourcecode.swift; path = NeuratrackTests.swift; sourceTree = "<group>"; };
		1D7061BE2B55E18F0098AB76 /* NeuratrackUITests.xctest */ = {isa = PBXFileReference; explicitFileType = wrapper.cfbundle; includeInIndex = 0; path = NeuratrackUITests.xctest; sourceTree = BUILT_PRODUCTS_DIR; };
		1D7061C22B55E18F0098AB76 /* NeuratrackUITests.swift */ = {isa = PBXFileReference; lastKnownFileType = sourcecode.swift; path = NeuratrackUITests.swift; sourceTree = "<group>"; };
		1D7061C42B55E18F0098AB76 /* NeuratrackUITestsLaunchTests.swift */ = {isa = PBXFileReference; lastKnownFileType = sourcecode.swift; path = NeuratrackUITestsLaunchTests.swift; sourceTree = "<group>"; };
		1D7061D32B55E4D00098AB76 /* HeadacheEvent.swift */ = {isa = PBXFileReference; lastKnownFileType = sourcecode.swift; path = HeadacheEvent.swift; sourceTree = "<group>"; };
		1D7061D52B55E5600098AB76 /* Medication.swift */ = {isa = PBXFileReference; lastKnownFileType = sourcecode.swift; path = Medication.swift; sourceTree = "<group>"; };
		1D7061D72B55E6B40098AB76 /* MedicationManagementView.swift */ = {isa = PBXFileReference; lastKnownFileType = sourcecode.swift; path = MedicationManagementView.swift; sourceTree = "<group>"; };
		1D7061D92B55F9F90098AB76 /* AddMedicationView.swift */ = {isa = PBXFileReference; lastKnownFileType = sourcecode.swift; path = AddMedicationView.swift; sourceTree = "<group>"; };
		1D7061DC2B56C1200098AB76 /* AddHeadacheEventView.swift */ = {isa = PBXFileReference; lastKnownFileType = sourcecode.swift; path = AddHeadacheEventView.swift; sourceTree = "<group>"; };
		1D7061DE2B56C58A0098AB76 /* AddAnalgesicView.swift */ = {isa = PBXFileReference; lastKnownFileType = sourcecode.swift; path = AddAnalgesicView.swift; sourceTree = "<group>"; };
		1D7061E12B56D1DF0098AB76 /* HeadachesLoggerView.swift */ = {isa = PBXFileReference; lastKnownFileType = sourcecode.swift; path = HeadachesLoggerView.swift; sourceTree = "<group>"; };
		1D7061E32B57115F0098AB76 /* ImportHeadachesFromCalendarView.swift */ = {isa = PBXFileReference; lastKnownFileType = sourcecode.swift; path = ImportHeadachesFromCalendarView.swift; sourceTree = "<group>"; };
		1D7061E52B57132D0098AB76 /* EventKitEventImporter.swift */ = {isa = PBXFileReference; lastKnownFileType = sourcecode.swift; path = EventKitEventImporter.swift; sourceTree = "<group>"; };
		1D7061E72B5751FF0098AB76 /* Info.plist */ = {isa = PBXFileReference; lastKnownFileType = text.plist; path = Info.plist; sourceTree = "<group>"; };
		1DCAFC112B59C418000A99BD /* EditHeadacheEventView.swift */ = {isa = PBXFileReference; lastKnownFileType = sourcecode.swift; path = EditHeadacheEventView.swift; sourceTree = "<group>"; };
		1DCAFC142B59D888000A99BD /* AnalgesicListViewItem.swift */ = {isa = PBXFileReference; lastKnownFileType = sourcecode.swift; path = AnalgesicListViewItem.swift; sourceTree = "<group>"; };
		1DCAFC162B5B3749000A99BD /* StatisticsView.swift */ = {isa = PBXFileReference; lastKnownFileType = sourcecode.swift; path = StatisticsView.swift; sourceTree = "<group>"; };
		1DCAFC182B5B37E1000A99BD /* StatisticsGridViewItem.swift */ = {isa = PBXFileReference; lastKnownFileType = sourcecode.swift; path = StatisticsGridViewItem.swift; sourceTree = "<group>"; };
		1DCAFC1B2B5B3A45000A99BD /* SimpleEntry.swift */ = {isa = PBXFileReference; lastKnownFileType = sourcecode.swift; path = SimpleEntry.swift; sourceTree = "<group>"; };
		1DCAFC1F2B5B3AC1000A99BD /* SimpleWidgetEntryView.swift */ = {isa = PBXFileReference; lastKnownFileType = sourcecode.swift; path = SimpleWidgetEntryView.swift; sourceTree = "<group>"; };
		1DCAFC212B5C9ED1000A99BD /* ChartWidgetEntryView.swift */ = {isa = PBXFileReference; fileEncoding = 4; lastKnownFileType = sourcecode.swift; path = ChartWidgetEntryView.swift; sourceTree = "<group>"; };
		1DCAFC222B5C9ED1000A99BD /* ChartWidgetEntry.swift */ = {isa = PBXFileReference; fileEncoding = 4; lastKnownFileType = sourcecode.swift; path = ChartWidgetEntry.swift; sourceTree = "<group>"; };
		1DCAFC252B604D6C000A99BD /* ExportDataView.swift */ = {isa = PBXFileReference; lastKnownFileType = sourcecode.swift; path = ExportDataView.swift; sourceTree = "<group>"; };
		1DCAFC272B6066EF000A99BD /* SettingsView.swift */ = {isa = PBXFileReference; lastKnownFileType = sourcecode.swift; path = SettingsView.swift; sourceTree = "<group>"; };
		1DCAFC2B2B67C3B5000A99BD /* TextWidgetEntryView.swift */ = {isa = PBXFileReference; fileEncoding = 4; lastKnownFileType = sourcecode.swift; path = TextWidgetEntryView.swift; sourceTree = "<group>"; };
		1DCAFC2E2B67C454000A99BD /* TextWidgetEntry.swift */ = {isa = PBXFileReference; fileEncoding = 4; lastKnownFileType = sourcecode.swift; path = TextWidgetEntry.swift; sourceTree = "<group>"; };
		1DCE86CA2B6DBC6E000EAB42 /* TimelineWidgetEntryTests.swift */ = {isa = PBXFileReference; lastKnownFileType = sourcecode.swift; path = TimelineWidgetEntryTests.swift; sourceTree = "<group>"; };
		1DCE86CC2B71A282000EAB42 /* NeuratrackErrors.swift */ = {isa = PBXFileReference; lastKnownFileType = sourcecode.swift; path = NeuratrackErrors.swift; sourceTree = "<group>"; };
		1DCE86CE2B798ED1000EAB42 /* HeadacheEventListViewItem.swift */ = {isa = PBXFileReference; lastKnownFileType = sourcecode.swift; path = HeadacheEventListViewItem.swift; sourceTree = "<group>"; };
		1DCE86D22B80110D000EAB42 /* MedicationViews.swift */ = {isa = PBXFileReference; lastKnownFileType = sourcecode.swift; path = MedicationViews.swift; sourceTree = "<group>"; };
		1DCE86D42B80147C000EAB42 /* HeadacheViews.swift */ = {isa = PBXFileReference; lastKnownFileType = sourcecode.swift; path = HeadacheViews.swift; sourceTree = "<group>"; };
/* End PBXFileReference section */

/* Begin PBXFrameworksBuildPhase section */
		1D7061A12B55E18E0098AB76 /* Frameworks */ = {
			isa = PBXFrameworksBuildPhase;
			buildActionMask = 2147483647;
			files = (
				1DCE86DD2B80FC6E000EAB42 /* OrderedCollections in Frameworks */,
			);
			runOnlyForDeploymentPostprocessing = 0;
		};
		1D7061B12B55E18F0098AB76 /* Frameworks */ = {
			isa = PBXFrameworksBuildPhase;
			buildActionMask = 2147483647;
			files = (
			);
			runOnlyForDeploymentPostprocessing = 0;
		};
		1D7061BB2B55E18F0098AB76 /* Frameworks */ = {
			isa = PBXFrameworksBuildPhase;
			buildActionMask = 2147483647;
			files = (
			);
			runOnlyForDeploymentPostprocessing = 0;
		};
/* End PBXFrameworksBuildPhase section */

/* Begin PBXGroup section */
		1D70619B2B55E18E0098AB76 = {
			isa = PBXGroup;
			children = (
				1D7061A62B55E18E0098AB76 /* Neuratrack */,
				1D7061B72B55E18F0098AB76 /* NeuratrackTests */,
				1D7061C12B55E18F0098AB76 /* NeuratrackUITests */,
				1D7061A52B55E18E0098AB76 /* Products */,
			);
			sourceTree = "<group>";
		};
		1D7061A52B55E18E0098AB76 /* Products */ = {
			isa = PBXGroup;
			children = (
				1D7061A42B55E18E0098AB76 /* Neuratrack.app */,
				1D7061B42B55E18F0098AB76 /* NeuratrackTests.xctest */,
				1D7061BE2B55E18F0098AB76 /* NeuratrackUITests.xctest */,
			);
			name = Products;
			sourceTree = "<group>";
		};
		1D7061A62B55E18E0098AB76 /* Neuratrack */ = {
			isa = PBXGroup;
			children = (
				1D7061E72B5751FF0098AB76 /* Info.plist */,
				1D7061D22B55E4200098AB76 /* View */,
				1D7061D12B55E40D0098AB76 /* Model */,
				1D7061A72B55E18E0098AB76 /* NeuratrackApp.swift */,
				1D7061A92B55E18E0098AB76 /* ContentView.swift */,
				1D7061AB2B55E18F0098AB76 /* Assets.xcassets */,
				1D7061AD2B55E18F0098AB76 /* Preview Content */,
				1D7061E52B57132D0098AB76 /* EventKitEventImporter.swift */,
			);
			path = Neuratrack;
			sourceTree = "<group>";
		};
		1D7061AD2B55E18F0098AB76 /* Preview Content */ = {
			isa = PBXGroup;
			children = (
				1D7061AE2B55E18F0098AB76 /* Preview Assets.xcassets */,
			);
			path = "Preview Content";
			sourceTree = "<group>";
		};
		1D7061B72B55E18F0098AB76 /* NeuratrackTests */ = {
			isa = PBXGroup;
			children = (
				1D7061B82B55E18F0098AB76 /* NeuratrackTests.swift */,
				1DCE86CA2B6DBC6E000EAB42 /* TimelineWidgetEntryTests.swift */,
			);
			path = NeuratrackTests;
			sourceTree = "<group>";
		};
		1D7061C12B55E18F0098AB76 /* NeuratrackUITests */ = {
			isa = PBXGroup;
			children = (
				1D7061C22B55E18F0098AB76 /* NeuratrackUITests.swift */,
				1D7061C42B55E18F0098AB76 /* NeuratrackUITestsLaunchTests.swift */,
			);
			path = NeuratrackUITests;
			sourceTree = "<group>";
		};
		1D7061D12B55E40D0098AB76 /* Model */ = {
			isa = PBXGroup;
			children = (
				1D7061D32B55E4D00098AB76 /* HeadacheEvent.swift */,
				1D7061D52B55E5600098AB76 /* Medication.swift */,
				1DCE86CC2B71A282000EAB42 /* NeuratrackErrors.swift */,
			);
			path = Model;
			sourceTree = "<group>";
		};
		1D7061D22B55E4200098AB76 /* View */ = {
			isa = PBXGroup;
			children = (
				1DCE86DA2B80D4C0000EAB42 /* Settings */,
				1DCE86D92B80D49F000EAB42 /* Data Management */,
				1DCE86D82B80D321000EAB42 /* Statistics */,
				1DCE86D12B800FEF000EAB42 /* Medication */,
				1DCE86D02B800FDE000EAB42 /* Headache */,
				1DCAFC132B59D872000A99BD /* Items */,
			);
			path = View;
			sourceTree = "<group>";
		};
		1DCAFC132B59D872000A99BD /* Items */ = {
			isa = PBXGroup;
			children = (
				1DCAFC182B5B37E1000A99BD /* StatisticsGridViewItem.swift */,
			);
			path = Items;
			sourceTree = "<group>";
		};
		1DCAFC1A2B5B3A1C000A99BD /* Widget View test */ = {
			isa = PBXGroup;
			children = (
				1DCAFC2E2B67C454000A99BD /* TextWidgetEntry.swift */,
				1DCAFC2B2B67C3B5000A99BD /* TextWidgetEntryView.swift */,
				1DCAFC222B5C9ED1000A99BD /* ChartWidgetEntry.swift */,
				1DCAFC212B5C9ED1000A99BD /* ChartWidgetEntryView.swift */,
				1DCAFC1B2B5B3A45000A99BD /* SimpleEntry.swift */,
				1DCAFC1F2B5B3AC1000A99BD /* SimpleWidgetEntryView.swift */,
			);
			path = "Widget View test";
			sourceTree = "<group>";
		};
		1DCE86D02B800FDE000EAB42 /* Headache */ = {
			isa = PBXGroup;
			children = (
				1DCE86D62B802624000EAB42 /* Old */,
				1DCE86D42B80147C000EAB42 /* HeadacheViews.swift */,
			);
			path = Headache;
			sourceTree = "<group>";
		};
		1DCE86D12B800FEF000EAB42 /* Medication */ = {
			isa = PBXGroup;
			children = (
				1DCE86D72B802632000EAB42 /* Old */,
				1DCE86D22B80110D000EAB42 /* MedicationViews.swift */,
			);
			path = Medication;
			sourceTree = "<group>";
		};
		1DCE86D62B802624000EAB42 /* Old */ = {
			isa = PBXGroup;
			children = (
				1D7061DC2B56C1200098AB76 /* AddHeadacheEventView.swift */,
				1D7061E12B56D1DF0098AB76 /* HeadachesLoggerView.swift */,
				1DCE86CE2B798ED1000EAB42 /* HeadacheEventListViewItem.swift */,
				1DCAFC112B59C418000A99BD /* EditHeadacheEventView.swift */,
			);
			path = Old;
			sourceTree = "<group>";
		};
		1DCE86D72B802632000EAB42 /* Old */ = {
			isa = PBXGroup;
			children = (
				1D7061D92B55F9F90098AB76 /* AddMedicationView.swift */,
				1D7061D72B55E6B40098AB76 /* MedicationManagementView.swift */,
				1DCAFC142B59D888000A99BD /* AnalgesicListViewItem.swift */,
				1D7061DE2B56C58A0098AB76 /* AddAnalgesicView.swift */,
			);
			path = Old;
			sourceTree = "<group>";
		};
		1DCE86D82B80D321000EAB42 /* Statistics */ = {
			isa = PBXGroup;
			children = (
				1DCAFC1A2B5B3A1C000A99BD /* Widget View test */,
				1DCAFC162B5B3749000A99BD /* StatisticsView.swift */,
			);
			path = Statistics;
			sourceTree = "<group>";
		};
		1DCE86D92B80D49F000EAB42 /* Data Management */ = {
			isa = PBXGroup;
			children = (
				1D7061E32B57115F0098AB76 /* ImportHeadachesFromCalendarView.swift */,
				1DCAFC252B604D6C000A99BD /* ExportDataView.swift */,
			);
			path = "Data Management";
			sourceTree = "<group>";
		};
		1DCE86DA2B80D4C0000EAB42 /* Settings */ = {
			isa = PBXGroup;
			children = (
				1DCAFC272B6066EF000A99BD /* SettingsView.swift */,
			);
			path = Settings;
			sourceTree = "<group>";
		};
/* End PBXGroup section */

/* Begin PBXNativeTarget section */
		1D7061A32B55E18E0098AB76 /* Neuratrack */ = {
			isa = PBXNativeTarget;
			buildConfigurationList = 1D7061C82B55E18F0098AB76 /* Build configuration list for PBXNativeTarget "Neuratrack" */;
			buildPhases = (
				1D7061A02B55E18E0098AB76 /* Sources */,
				1D7061A12B55E18E0098AB76 /* Frameworks */,
				1D7061A22B55E18E0098AB76 /* Resources */,
			);
			buildRules = (
			);
			dependencies = (
			);
			name = Neuratrack;
			packageProductDependencies = (
				1DCE86DC2B80FC6E000EAB42 /* OrderedCollections */,
			);
			productName = Neuratrack;
			productReference = 1D7061A42B55E18E0098AB76 /* Neuratrack.app */;
			productType = "com.apple.product-type.application";
		};
		1D7061B32B55E18F0098AB76 /* NeuratrackTests */ = {
			isa = PBXNativeTarget;
			buildConfigurationList = 1D7061CB2B55E18F0098AB76 /* Build configuration list for PBXNativeTarget "NeuratrackTests" */;
			buildPhases = (
				1D7061B02B55E18F0098AB76 /* Sources */,
				1D7061B12B55E18F0098AB76 /* Frameworks */,
				1D7061B22B55E18F0098AB76 /* Resources */,
			);
			buildRules = (
			);
			dependencies = (
				1D7061B62B55E18F0098AB76 /* PBXTargetDependency */,
			);
			name = NeuratrackTests;
			productName = NeuratrackTests;
			productReference = 1D7061B42B55E18F0098AB76 /* NeuratrackTests.xctest */;
			productType = "com.apple.product-type.bundle.unit-test";
		};
		1D7061BD2B55E18F0098AB76 /* NeuratrackUITests */ = {
			isa = PBXNativeTarget;
			buildConfigurationList = 1D7061CE2B55E18F0098AB76 /* Build configuration list for PBXNativeTarget "NeuratrackUITests" */;
			buildPhases = (
				1D7061BA2B55E18F0098AB76 /* Sources */,
				1D7061BB2B55E18F0098AB76 /* Frameworks */,
				1D7061BC2B55E18F0098AB76 /* Resources */,
			);
			buildRules = (
			);
			dependencies = (
				1D7061C02B55E18F0098AB76 /* PBXTargetDependency */,
			);
			name = NeuratrackUITests;
			productName = NeuratrackUITests;
			productReference = 1D7061BE2B55E18F0098AB76 /* NeuratrackUITests.xctest */;
			productType = "com.apple.product-type.bundle.ui-testing";
		};
/* End PBXNativeTarget section */

/* Begin PBXProject section */
		1D70619C2B55E18E0098AB76 /* Project object */ = {
			isa = PBXProject;
			attributes = {
				BuildIndependentTargetsInParallel = 1;
				LastSwiftUpdateCheck = 1520;
				LastUpgradeCheck = 1520;
				TargetAttributes = {
					1D7061A32B55E18E0098AB76 = {
						CreatedOnToolsVersion = 15.2;
					};
					1D7061B32B55E18F0098AB76 = {
						CreatedOnToolsVersion = 15.2;
						TestTargetID = 1D7061A32B55E18E0098AB76;
					};
					1D7061BD2B55E18F0098AB76 = {
						CreatedOnToolsVersion = 15.2;
						TestTargetID = 1D7061A32B55E18E0098AB76;
					};
				};
			};
			buildConfigurationList = 1D70619F2B55E18E0098AB76 /* Build configuration list for PBXProject "Neuratrack" */;
			compatibilityVersion = "Xcode 14.0";
			developmentRegion = en;
			hasScannedForEncodings = 0;
			knownRegions = (
				en,
				Base,
			);
			mainGroup = 1D70619B2B55E18E0098AB76;
			packageReferences = (
				1DCE86DB2B80FC18000EAB42 /* XCRemoteSwiftPackageReference "swift-collections" */,
			);
			productRefGroup = 1D7061A52B55E18E0098AB76 /* Products */;
			projectDirPath = "";
			projectRoot = "";
			targets = (
				1D7061A32B55E18E0098AB76 /* Neuratrack */,
				1D7061B32B55E18F0098AB76 /* NeuratrackTests */,
				1D7061BD2B55E18F0098AB76 /* NeuratrackUITests */,
			);
		};
/* End PBXProject section */

/* Begin PBXResourcesBuildPhase section */
		1D7061A22B55E18E0098AB76 /* Resources */ = {
			isa = PBXResourcesBuildPhase;
			buildActionMask = 2147483647;
			files = (
				1D7061AF2B55E18F0098AB76 /* Preview Assets.xcassets in Resources */,
				1D7061AC2B55E18F0098AB76 /* Assets.xcassets in Resources */,
			);
			runOnlyForDeploymentPostprocessing = 0;
		};
		1D7061B22B55E18F0098AB76 /* Resources */ = {
			isa = PBXResourcesBuildPhase;
			buildActionMask = 2147483647;
			files = (
			);
			runOnlyForDeploymentPostprocessing = 0;
		};
		1D7061BC2B55E18F0098AB76 /* Resources */ = {
			isa = PBXResourcesBuildPhase;
			buildActionMask = 2147483647;
			files = (
			);
			runOnlyForDeploymentPostprocessing = 0;
		};
/* End PBXResourcesBuildPhase section */

/* Begin PBXSourcesBuildPhase section */
		1D7061A02B55E18E0098AB76 /* Sources */ = {
			isa = PBXSourcesBuildPhase;
			buildActionMask = 2147483647;
			files = (
				1DCAFC282B6066EF000A99BD /* SettingsView.swift in Sources */,
				1DCAFC152B59D888000A99BD /* AnalgesicListViewItem.swift in Sources */,
				1DCAFC122B59C418000A99BD /* EditHeadacheEventView.swift in Sources */,
				1DCAFC242B5C9ED1000A99BD /* ChartWidgetEntry.swift in Sources */,
				1DCE86CD2B71A282000EAB42 /* NeuratrackErrors.swift in Sources */,
				1DCAFC2D2B67C3B5000A99BD /* TextWidgetEntryView.swift in Sources */,
				1DCAFC192B5B37E1000A99BD /* StatisticsGridViewItem.swift in Sources */,
				1D7061E22B56D1DF0098AB76 /* HeadachesLoggerView.swift in Sources */,
				1DCAFC172B5B3749000A99BD /* StatisticsView.swift in Sources */,
				1DCE86CF2B798ED1000EAB42 /* HeadacheEventListViewItem.swift in Sources */,
				1D7061D62B55E5600098AB76 /* Medication.swift in Sources */,
				1DCAFC262B604D6C000A99BD /* ExportDataView.swift in Sources */,
				1D7061AA2B55E18E0098AB76 /* ContentView.swift in Sources */,
				1D7061D82B55E6B40098AB76 /* MedicationManagementView.swift in Sources */,
				1DCAFC1C2B5B3A45000A99BD /* SimpleEntry.swift in Sources */,
				1DCAFC202B5B3AC1000A99BD /* SimpleWidgetEntryView.swift in Sources */,
				1DCAFC232B5C9ED1000A99BD /* ChartWidgetEntryView.swift in Sources */,
				1DCE86D52B80147C000EAB42 /* HeadacheViews.swift in Sources */,
				1D7061E42B57115F0098AB76 /* ImportHeadachesFromCalendarView.swift in Sources */,
				1D7061D42B55E4D00098AB76 /* HeadacheEvent.swift in Sources */,
				1D7061E62B57132D0098AB76 /* EventKitEventImporter.swift in Sources */,
				1DCAFC2F2B67C454000A99BD /* TextWidgetEntry.swift in Sources */,
				1D7061DF2B56C58A0098AB76 /* AddAnalgesicView.swift in Sources */,
				1D7061A82B55E18E0098AB76 /* NeuratrackApp.swift in Sources */,
				1DCE86D32B80110D000EAB42 /* MedicationViews.swift in Sources */,
				1D7061DD2B56C1200098AB76 /* AddHeadacheEventView.swift in Sources */,
				1D7061DA2B55F9F90098AB76 /* AddMedicationView.swift in Sources */,
			);
			runOnlyForDeploymentPostprocessing = 0;
		};
		1D7061B02B55E18F0098AB76 /* Sources */ = {
			isa = PBXSourcesBuildPhase;
			buildActionMask = 2147483647;
			files = (
				1D7061B92B55E18F0098AB76 /* NeuratrackTests.swift in Sources */,
				1DCE86CB2B6DBC6E000EAB42 /* TimelineWidgetEntryTests.swift in Sources */,
			);
			runOnlyForDeploymentPostprocessing = 0;
		};
		1D7061BA2B55E18F0098AB76 /* Sources */ = {
			isa = PBXSourcesBuildPhase;
			buildActionMask = 2147483647;
			files = (
				1D7061C52B55E18F0098AB76 /* NeuratrackUITestsLaunchTests.swift in Sources */,
				1D7061C32B55E18F0098AB76 /* NeuratrackUITests.swift in Sources */,
			);
			runOnlyForDeploymentPostprocessing = 0;
		};
/* End PBXSourcesBuildPhase section */

/* Begin PBXTargetDependency section */
		1D7061B62B55E18F0098AB76 /* PBXTargetDependency */ = {
			isa = PBXTargetDependency;
			target = 1D7061A32B55E18E0098AB76 /* Neuratrack */;
			targetProxy = 1D7061B52B55E18F0098AB76 /* PBXContainerItemProxy */;
		};
		1D7061C02B55E18F0098AB76 /* PBXTargetDependency */ = {
			isa = PBXTargetDependency;
			target = 1D7061A32B55E18E0098AB76 /* Neuratrack */;
			targetProxy = 1D7061BF2B55E18F0098AB76 /* PBXContainerItemProxy */;
		};
/* End PBXTargetDependency section */

/* Begin XCBuildConfiguration section */
		1D7061C62B55E18F0098AB76 /* Debug */ = {
			isa = XCBuildConfiguration;
			buildSettings = {
				ALWAYS_SEARCH_USER_PATHS = NO;
				ASSETCATALOG_COMPILER_GENERATE_SWIFT_ASSET_SYMBOL_EXTENSIONS = YES;
				CLANG_ANALYZER_NONNULL = YES;
				CLANG_ANALYZER_NUMBER_OBJECT_CONVERSION = YES_AGGRESSIVE;
				CLANG_CXX_LANGUAGE_STANDARD = "gnu++20";
				CLANG_ENABLE_MODULES = YES;
				CLANG_ENABLE_OBJC_ARC = YES;
				CLANG_ENABLE_OBJC_WEAK = YES;
				CLANG_WARN_BLOCK_CAPTURE_AUTORELEASING = YES;
				CLANG_WARN_BOOL_CONVERSION = YES;
				CLANG_WARN_COMMA = YES;
				CLANG_WARN_CONSTANT_CONVERSION = YES;
				CLANG_WARN_DEPRECATED_OBJC_IMPLEMENTATIONS = YES;
				CLANG_WARN_DIRECT_OBJC_ISA_USAGE = YES_ERROR;
				CLANG_WARN_DOCUMENTATION_COMMENTS = YES;
				CLANG_WARN_EMPTY_BODY = YES;
				CLANG_WARN_ENUM_CONVERSION = YES;
				CLANG_WARN_INFINITE_RECURSION = YES;
				CLANG_WARN_INT_CONVERSION = YES;
				CLANG_WARN_NON_LITERAL_NULL_CONVERSION = YES;
				CLANG_WARN_OBJC_IMPLICIT_RETAIN_SELF = YES;
				CLANG_WARN_OBJC_LITERAL_CONVERSION = YES;
				CLANG_WARN_OBJC_ROOT_CLASS = YES_ERROR;
				CLANG_WARN_QUOTED_INCLUDE_IN_FRAMEWORK_HEADER = YES;
				CLANG_WARN_RANGE_LOOP_ANALYSIS = YES;
				CLANG_WARN_STRICT_PROTOTYPES = YES;
				CLANG_WARN_SUSPICIOUS_MOVE = YES;
				CLANG_WARN_UNGUARDED_AVAILABILITY = YES_AGGRESSIVE;
				CLANG_WARN_UNREACHABLE_CODE = YES;
				CLANG_WARN__DUPLICATE_METHOD_MATCH = YES;
				COPY_PHASE_STRIP = NO;
				DEBUG_INFORMATION_FORMAT = dwarf;
				ENABLE_STRICT_OBJC_MSGSEND = YES;
				ENABLE_TESTABILITY = YES;
				ENABLE_USER_SCRIPT_SANDBOXING = YES;
				GCC_C_LANGUAGE_STANDARD = gnu17;
				GCC_DYNAMIC_NO_PIC = NO;
				GCC_NO_COMMON_BLOCKS = YES;
				GCC_OPTIMIZATION_LEVEL = 0;
				GCC_PREPROCESSOR_DEFINITIONS = (
					"DEBUG=1",
					"$(inherited)",
				);
				GCC_WARN_64_TO_32_BIT_CONVERSION = YES;
				GCC_WARN_ABOUT_RETURN_TYPE = YES_ERROR;
				GCC_WARN_UNDECLARED_SELECTOR = YES;
				GCC_WARN_UNINITIALIZED_AUTOS = YES_AGGRESSIVE;
				GCC_WARN_UNUSED_FUNCTION = YES;
				GCC_WARN_UNUSED_VARIABLE = YES;
				IPHONEOS_DEPLOYMENT_TARGET = 17.2;
				LOCALIZATION_PREFERS_STRING_CATALOGS = YES;
				MTL_ENABLE_DEBUG_INFO = INCLUDE_SOURCE;
				MTL_FAST_MATH = YES;
				ONLY_ACTIVE_ARCH = YES;
				SDKROOT = iphoneos;
				SWIFT_ACTIVE_COMPILATION_CONDITIONS = "DEBUG $(inherited)";
				SWIFT_OPTIMIZATION_LEVEL = "-Onone";
			};
			name = Debug;
		};
		1D7061C72B55E18F0098AB76 /* Release */ = {
			isa = XCBuildConfiguration;
			buildSettings = {
				ALWAYS_SEARCH_USER_PATHS = NO;
				ASSETCATALOG_COMPILER_GENERATE_SWIFT_ASSET_SYMBOL_EXTENSIONS = YES;
				CLANG_ANALYZER_NONNULL = YES;
				CLANG_ANALYZER_NUMBER_OBJECT_CONVERSION = YES_AGGRESSIVE;
				CLANG_CXX_LANGUAGE_STANDARD = "gnu++20";
				CLANG_ENABLE_MODULES = YES;
				CLANG_ENABLE_OBJC_ARC = YES;
				CLANG_ENABLE_OBJC_WEAK = YES;
				CLANG_WARN_BLOCK_CAPTURE_AUTORELEASING = YES;
				CLANG_WARN_BOOL_CONVERSION = YES;
				CLANG_WARN_COMMA = YES;
				CLANG_WARN_CONSTANT_CONVERSION = YES;
				CLANG_WARN_DEPRECATED_OBJC_IMPLEMENTATIONS = YES;
				CLANG_WARN_DIRECT_OBJC_ISA_USAGE = YES_ERROR;
				CLANG_WARN_DOCUMENTATION_COMMENTS = YES;
				CLANG_WARN_EMPTY_BODY = YES;
				CLANG_WARN_ENUM_CONVERSION = YES;
				CLANG_WARN_INFINITE_RECURSION = YES;
				CLANG_WARN_INT_CONVERSION = YES;
				CLANG_WARN_NON_LITERAL_NULL_CONVERSION = YES;
				CLANG_WARN_OBJC_IMPLICIT_RETAIN_SELF = YES;
				CLANG_WARN_OBJC_LITERAL_CONVERSION = YES;
				CLANG_WARN_OBJC_ROOT_CLASS = YES_ERROR;
				CLANG_WARN_QUOTED_INCLUDE_IN_FRAMEWORK_HEADER = YES;
				CLANG_WARN_RANGE_LOOP_ANALYSIS = YES;
				CLANG_WARN_STRICT_PROTOTYPES = YES;
				CLANG_WARN_SUSPICIOUS_MOVE = YES;
				CLANG_WARN_UNGUARDED_AVAILABILITY = YES_AGGRESSIVE;
				CLANG_WARN_UNREACHABLE_CODE = YES;
				CLANG_WARN__DUPLICATE_METHOD_MATCH = YES;
				COPY_PHASE_STRIP = NO;
				DEBUG_INFORMATION_FORMAT = "dwarf-with-dsym";
				ENABLE_NS_ASSERTIONS = NO;
				ENABLE_STRICT_OBJC_MSGSEND = YES;
				ENABLE_USER_SCRIPT_SANDBOXING = YES;
				GCC_C_LANGUAGE_STANDARD = gnu17;
				GCC_NO_COMMON_BLOCKS = YES;
				GCC_WARN_64_TO_32_BIT_CONVERSION = YES;
				GCC_WARN_ABOUT_RETURN_TYPE = YES_ERROR;
				GCC_WARN_UNDECLARED_SELECTOR = YES;
				GCC_WARN_UNINITIALIZED_AUTOS = YES_AGGRESSIVE;
				GCC_WARN_UNUSED_FUNCTION = YES;
				GCC_WARN_UNUSED_VARIABLE = YES;
				IPHONEOS_DEPLOYMENT_TARGET = 17.2;
				LOCALIZATION_PREFERS_STRING_CATALOGS = YES;
				MTL_ENABLE_DEBUG_INFO = NO;
				MTL_FAST_MATH = YES;
				SDKROOT = iphoneos;
				SWIFT_COMPILATION_MODE = wholemodule;
				VALIDATE_PRODUCT = YES;
			};
			name = Release;
		};
		1D7061C92B55E18F0098AB76 /* Debug */ = {
			isa = XCBuildConfiguration;
			buildSettings = {
				ASSETCATALOG_COMPILER_APPICON_NAME = AppIcon;
				ASSETCATALOG_COMPILER_GLOBAL_ACCENT_COLOR_NAME = AccentColor;
				CODE_SIGN_STYLE = Automatic;
				CURRENT_PROJECT_VERSION = 1;
				DEVELOPMENT_ASSET_PATHS = "\"Neuratrack/Preview Content\"";
				DEVELOPMENT_TEAM = GPPDD5JN67;
				ENABLE_PREVIEWS = YES;
				GENERATE_INFOPLIST_FILE = YES;
				INFOPLIST_FILE = Neuratrack/Info.plist;
				INFOPLIST_KEY_UIApplicationSceneManifest_Generation = YES;
				INFOPLIST_KEY_UIApplicationSupportsIndirectInputEvents = YES;
				INFOPLIST_KEY_UILaunchScreen_Generation = YES;
				INFOPLIST_KEY_UISupportedInterfaceOrientations_iPad = "UIInterfaceOrientationPortrait UIInterfaceOrientationPortraitUpsideDown UIInterfaceOrientationLandscapeLeft UIInterfaceOrientationLandscapeRight";
				INFOPLIST_KEY_UISupportedInterfaceOrientations_iPhone = "UIInterfaceOrientationPortrait UIInterfaceOrientationLandscapeLeft UIInterfaceOrientationLandscapeRight";
				LD_RUNPATH_SEARCH_PATHS = (
					"$(inherited)",
					"@executable_path/Frameworks",
				);
				MARKETING_VERSION = 1.0;
				PRODUCT_BUNDLE_IDENTIFIER = "Kyle-Galloway.NeuratrackV2";
				PRODUCT_NAME = "$(TARGET_NAME)";
				SWIFT_EMIT_LOC_STRINGS = YES;
				SWIFT_VERSION = 5.0;
				TARGETED_DEVICE_FAMILY = "1,2";
			};
			name = Debug;
		};
		1D7061CA2B55E18F0098AB76 /* Release */ = {
			isa = XCBuildConfiguration;
			buildSettings = {
				ASSETCATALOG_COMPILER_APPICON_NAME = AppIcon;
				ASSETCATALOG_COMPILER_GLOBAL_ACCENT_COLOR_NAME = AccentColor;
				CODE_SIGN_STYLE = Automatic;
				CURRENT_PROJECT_VERSION = 1;
				DEVELOPMENT_ASSET_PATHS = "\"Neuratrack/Preview Content\"";
				DEVELOPMENT_TEAM = GPPDD5JN67;
				ENABLE_PREVIEWS = YES;
				GENERATE_INFOPLIST_FILE = YES;
				INFOPLIST_FILE = Neuratrack/Info.plist;
				INFOPLIST_KEY_UIApplicationSceneManifest_Generation = YES;
				INFOPLIST_KEY_UIApplicationSupportsIndirectInputEvents = YES;
				INFOPLIST_KEY_UILaunchScreen_Generation = YES;
				INFOPLIST_KEY_UISupportedInterfaceOrientations_iPad = "UIInterfaceOrientationPortrait UIInterfaceOrientationPortraitUpsideDown UIInterfaceOrientationLandscapeLeft UIInterfaceOrientationLandscapeRight";
				INFOPLIST_KEY_UISupportedInterfaceOrientations_iPhone = "UIInterfaceOrientationPortrait UIInterfaceOrientationLandscapeLeft UIInterfaceOrientationLandscapeRight";
				LD_RUNPATH_SEARCH_PATHS = (
					"$(inherited)",
					"@executable_path/Frameworks",
				);
				MARKETING_VERSION = 1.0;
				PRODUCT_BUNDLE_IDENTIFIER = "Kyle-Galloway.NeuratrackV2";
				PRODUCT_NAME = "$(TARGET_NAME)";
				SWIFT_EMIT_LOC_STRINGS = YES;
				SWIFT_VERSION = 5.0;
				TARGETED_DEVICE_FAMILY = "1,2";
			};
			name = Release;
		};
		1D7061CC2B55E18F0098AB76 /* Debug */ = {
			isa = XCBuildConfiguration;
			buildSettings = {
				ALWAYS_EMBED_SWIFT_STANDARD_LIBRARIES = YES;
				BUNDLE_LOADER = "$(TEST_HOST)";
				CODE_SIGN_STYLE = Automatic;
				CURRENT_PROJECT_VERSION = 1;
				DEVELOPMENT_TEAM = GPPDD5JN67;
				GENERATE_INFOPLIST_FILE = YES;
				IPHONEOS_DEPLOYMENT_TARGET = 17.2;
				MARKETING_VERSION = 1.0;
				PRODUCT_BUNDLE_IDENTIFIER = "Kyle-Galloway.NeuratrackTests";
				PRODUCT_NAME = "$(TARGET_NAME)";
				SWIFT_EMIT_LOC_STRINGS = NO;
				SWIFT_VERSION = 5.0;
				TARGETED_DEVICE_FAMILY = "1,2";
				TEST_HOST = "$(BUILT_PRODUCTS_DIR)/Neuratrack.app/$(BUNDLE_EXECUTABLE_FOLDER_PATH)/Neuratrack";
			};
			name = Debug;
		};
		1D7061CD2B55E18F0098AB76 /* Release */ = {
			isa = XCBuildConfiguration;
			buildSettings = {
				ALWAYS_EMBED_SWIFT_STANDARD_LIBRARIES = YES;
				BUNDLE_LOADER = "$(TEST_HOST)";
				CODE_SIGN_STYLE = Automatic;
				CURRENT_PROJECT_VERSION = 1;
				DEVELOPMENT_TEAM = GPPDD5JN67;
				GENERATE_INFOPLIST_FILE = YES;
				IPHONEOS_DEPLOYMENT_TARGET = 17.2;
				MARKETING_VERSION = 1.0;
				PRODUCT_BUNDLE_IDENTIFIER = "Kyle-Galloway.NeuratrackTests";
				PRODUCT_NAME = "$(TARGET_NAME)";
				SWIFT_EMIT_LOC_STRINGS = NO;
				SWIFT_VERSION = 5.0;
				TARGETED_DEVICE_FAMILY = "1,2";
				TEST_HOST = "$(BUILT_PRODUCTS_DIR)/Neuratrack.app/$(BUNDLE_EXECUTABLE_FOLDER_PATH)/Neuratrack";
			};
			name = Release;
		};
		1D7061CF2B55E18F0098AB76 /* Debug */ = {
			isa = XCBuildConfiguration;
			buildSettings = {
				ALWAYS_EMBED_SWIFT_STANDARD_LIBRARIES = YES;
				CODE_SIGN_STYLE = Automatic;
				CURRENT_PROJECT_VERSION = 1;
				DEVELOPMENT_TEAM = GPPDD5JN67;
				GENERATE_INFOPLIST_FILE = YES;
				MARKETING_VERSION = 1.0;
				PRODUCT_BUNDLE_IDENTIFIER = "Kyle-Galloway.NeuratrackUITests";
				PRODUCT_NAME = "$(TARGET_NAME)";
				SWIFT_EMIT_LOC_STRINGS = NO;
				SWIFT_VERSION = 5.0;
				TARGETED_DEVICE_FAMILY = "1,2";
				TEST_TARGET_NAME = Neuratrack;
			};
			name = Debug;
		};
		1D7061D02B55E18F0098AB76 /* Release */ = {
			isa = XCBuildConfiguration;
			buildSettings = {
				ALWAYS_EMBED_SWIFT_STANDARD_LIBRARIES = YES;
				CODE_SIGN_STYLE = Automatic;
				CURRENT_PROJECT_VERSION = 1;
				DEVELOPMENT_TEAM = GPPDD5JN67;
				GENERATE_INFOPLIST_FILE = YES;
				MARKETING_VERSION = 1.0;
				PRODUCT_BUNDLE_IDENTIFIER = "Kyle-Galloway.NeuratrackUITests";
				PRODUCT_NAME = "$(TARGET_NAME)";
				SWIFT_EMIT_LOC_STRINGS = NO;
				SWIFT_VERSION = 5.0;
				TARGETED_DEVICE_FAMILY = "1,2";
				TEST_TARGET_NAME = Neuratrack;
			};
			name = Release;
		};
/* End XCBuildConfiguration section */

/* Begin XCConfigurationList section */
		1D70619F2B55E18E0098AB76 /* Build configuration list for PBXProject "Neuratrack" */ = {
			isa = XCConfigurationList;
			buildConfigurations = (
				1D7061C62B55E18F0098AB76 /* Debug */,
				1D7061C72B55E18F0098AB76 /* Release */,
			);
			defaultConfigurationIsVisible = 0;
			defaultConfigurationName = Release;
		};
		1D7061C82B55E18F0098AB76 /* Build configuration list for PBXNativeTarget "Neuratrack" */ = {
			isa = XCConfigurationList;
			buildConfigurations = (
				1D7061C92B55E18F0098AB76 /* Debug */,
				1D7061CA2B55E18F0098AB76 /* Release */,
			);
			defaultConfigurationIsVisible = 0;
			defaultConfigurationName = Release;
		};
		1D7061CB2B55E18F0098AB76 /* Build configuration list for PBXNativeTarget "NeuratrackTests" */ = {
			isa = XCConfigurationList;
			buildConfigurations = (
				1D7061CC2B55E18F0098AB76 /* Debug */,
				1D7061CD2B55E18F0098AB76 /* Release */,
			);
			defaultConfigurationIsVisible = 0;
			defaultConfigurationName = Release;
		};
		1D7061CE2B55E18F0098AB76 /* Build configuration list for PBXNativeTarget "NeuratrackUITests" */ = {
			isa = XCConfigurationList;
			buildConfigurations = (
				1D7061CF2B55E18F0098AB76 /* Debug */,
				1D7061D02B55E18F0098AB76 /* Release */,
			);
			defaultConfigurationIsVisible = 0;
			defaultConfigurationName = Release;
		};
/* End XCConfigurationList section */

/* Begin XCRemoteSwiftPackageReference section */
		1DCE86DB2B80FC18000EAB42 /* XCRemoteSwiftPackageReference "swift-collections" */ = {
			isa = XCRemoteSwiftPackageReference;
			repositoryURL = "https://github.com/apple/swift-collections.git";
			requirement = {
				kind = upToNextMajorVersion;
				minimumVersion = 1.1.0;
			};
		};
/* End XCRemoteSwiftPackageReference section */

/* Begin XCSwiftPackageProductDependency section */
		1DCE86DC2B80FC6E000EAB42 /* OrderedCollections */ = {
			isa = XCSwiftPackageProductDependency;
			package = 1DCE86DB2B80FC18000EAB42 /* XCRemoteSwiftPackageReference "swift-collections" */;
			productName = OrderedCollections;
		};
/* End XCSwiftPackageProductDependency section */
	};
	rootObject = 1D70619C2B55E18E0098AB76 /* Project object */;
}
